<?xml version="1.0" encoding="utf-8"?>
<Project ToolsVersion="4.0" xmlns="http://schemas.microsoft.com/developer/msbuild/2003">
  <ItemGroup>
    <Filter Include="builder">
      <UniqueIdentifier>{93995380-89BD-4b04-88EB-625FBE52EBFB}</UniqueIdentifier>
      <Extensions>h;hpp;hxx;hm;inl;inc;xsd</Extensions>
    </Filter>
    <Filter Include="share">
      <UniqueIdentifier>{4FC737F1-C7A5-4376-A066-2A32D752A2FF}</UniqueIdentifier>
      <Extensions>cpp;c;cc;cxx;def;odl;idl;hpj;bat;asm;asmx</Extensions>
    </Filter>
  </ItemGroup>
  <ItemGroup>
    <ClCompile Include="..\..\share\utils.cpp">
      <Filter>share</Filter>
    </ClCompile>
    <ClCompile Include="..\builder.cpp">
      <Filter>builder</Filter>
    </ClCompile>
    <ClCompile Include="..\..\share\peldr.cpp">
      <Filter>share</Filter>
    </ClCompile>
    <ClCompile Include="..\..\share\seccfg.cpp">
      <Filter>share</Filter>
    </ClCompile>
  </ItemGroup>
  <ItemGroup>
    <ClInclude Include="resource.h">
      <Filter>builder</Filter>
    </ClInclude>
    <ClInclude Include="..\..\share\utils.h">
      <Filter>share</Filter>
    </ClInclude>
    <ClInclude Include="..\..\share\ntdll.h">
      <Filter>share</Filter>
    </ClInclude>
    <ClInclude Include="..\..\share\peldr.h">
      <Filter>share</Filter>
    </ClInclude>
    <ClInclude Include="..\..\share\seccfg.h">
      <Filter>share</Filter>
    </ClInclude>
  </ItemGroup>
  <ItemGroup>
    <ResourceCompile Include="builder.rc" />
  </ItemGroup>
  <ItemGroup>
    <None Include="icon1.ico" />
  </ItemGroup>
</Project>