
Microsoft Visual Studio Solution File, Format Version 12.00
# Visual Studio 2012
Project("{8BC9CEB8-8B4A-11D0-8D11-00A0C91BC942}") = "Plugin", "Plugin\Plugin.vcxproj", "{723DEBE6-DEEF-426C-9F5B-2612EDA25DC0}"
EndProject
Project("{8BC9CEB8-8B4A-11D0-8D11-00A0C91BC942}") = "Installer", "Installer\Installer.vcxproj", "{88149CD4-9E70-45E9-85C0-72DC5B0B998A}"
	ProjectSection(ProjectDependencies) = postProject
		{723DEBE6-DEEF-426C-9F5B-2612EDA25DC0} = {723DEBE6-DEEF-426C-9F5B-2612EDA25DC0}
	EndProjectSection
EndProject
Global
	GlobalSection(SolutionConfigurationPlatforms) = preSolution
		Debug|Mixed Platforms = Debug|Mixed Platforms
		Debug|Win32 = Debug|Win32
		Debug|x64 = Debug|x64
		Release|Mixed Platforms = Release|Mixed Platforms
		Release|Win32 = Release|Win32
		Release|x64 = Release|x64
	EndGlobalSection
	GlobalSection(ProjectConfigurationPlatforms) = postSolution
		{723DEBE6-DEEF-426C-9F5B-2612EDA25DC0}.Debug|Mixed Platforms.ActiveCfg = Debug|Win32
		{723DEBE6-DEEF-426C-9F5B-2612EDA25DC0}.Debug|Mixed Platforms.Build.0 = Debug|Win32
		{723DEBE6-DEEF-426C-9F5B-2612EDA25DC0}.Debug|Win32.ActiveCfg = Debug|Win32
		{723DEBE6-DEEF-426C-9F5B-2612EDA25DC0}.Debug|Win32.Build.0 = Debug|Win32
		{723DEBE6-DEEF-426C-9F5B-2612EDA25DC0}.Debug|x64.ActiveCfg = Debug|x64
		{723DEBE6-DEEF-426C-9F5B-2612EDA25DC0}.Debug|x64.Build.0 = Debug|x64
		{723DEBE6-DEEF-426C-9F5B-2612EDA25DC0}.Release|Mixed Platforms.ActiveCfg = Release|Win32
		{723DEBE6-DEEF-426C-9F5B-2612EDA25DC0}.Release|Mixed Platforms.Build.0 = Release|Win32
		{723DEBE6-DEEF-426C-9F5B-2612EDA25DC0}.Release|Win32.ActiveCfg = Release|Win32
		{723DEBE6-DEEF-426C-9F5B-2612EDA25DC0}.Release|Win32.Build.0 = Release|Win32
		{723DEBE6-DEEF-426C-9F5B-2612EDA25DC0}.Release|x64.ActiveCfg = Release|x64
		{723DEBE6-DEEF-426C-9F5B-2612EDA25DC0}.Release|x64.Build.0 = Release|x64
		{88149CD4-9E70-45E9-85C0-72DC5B0B998A}.Debug|Mixed Platforms.ActiveCfg = Debug|Win32
		{88149CD4-9E70-45E9-85C0-72DC5B0B998A}.Debug|Mixed Platforms.Build.0 = Debug|Win32
		{88149CD4-9E70-45E9-85C0-72DC5B0B998A}.Debug|Win32.ActiveCfg = Debug|Win32
		{88149CD4-9E70-45E9-85C0-72DC5B0B998A}.Debug|Win32.Build.0 = Debug|Win32
		{88149CD4-9E70-45E9-85C0-72DC5B0B998A}.Debug|x64.ActiveCfg = Debug|x64
		{88149CD4-9E70-45E9-85C0-72DC5B0B998A}.Debug|x64.Build.0 = Debug|x64
		{88149CD4-9E70-45E9-85C0-72DC5B0B998A}.Release|Mixed Platforms.ActiveCfg = Release|Win32
		{88149CD4-9E70-45E9-85C0-72DC5B0B998A}.Release|Mixed Platforms.Build.0 = Release|Win32
		{88149CD4-9E70-45E9-85C0-72DC5B0B998A}.Release|Win32.ActiveCfg = Release|Win32
		{88149CD4-9E70-45E9-85C0-72DC5B0B998A}.Release|Win32.Build.0 = Release|Win32
		{88149CD4-9E70-45E9-85C0-72DC5B0B998A}.Release|x64.ActiveCfg = Release|x64
		{88149CD4-9E70-45E9-85C0-72DC5B0B998A}.Release|x64.Build.0 = Release|x64
	EndGlobalSection
	GlobalSection(SolutionProperties) = preSolution
		HideSolutionNode = FALSE
	EndGlobalSection
EndGlobal
