<?xml version="1.0" encoding="utf-8"?>
<Project xmlns="http://schemas.microsoft.com/developer/msbuild/2003">
  <PropertyGroup>
    <ProjectGuid>{3b0dc60d-bc26-48c5-8adf-7eee334416fe}</ProjectGuid>
    <Configuration Condition=" '$(Configuration)' == '' ">Debug</Configuration>
    <Platform Condition=" '$(Platform)' == '' ">AnyCPU</Platform>
    <DCC_DCCCompiler>DCC32</DCC_DCCCompiler>
    <DCC_DependencyCheckOutputName>Build\Adapter.exe</DCC_DependencyCheckOutputName>
    <MainSource>Adapter.dpr</MainSource>
  </PropertyGroup>
  <PropertyGroup Condition=" '$(Configuration)|$(Platform)' == 'Release|AnyCPU' ">
    <Version>7.0</Version>
    <DCC_DebugInformation>False</DCC_DebugInformation>
    <DCC_LocalDebugSymbols>False</DCC_LocalDebugSymbols>
    <DCC_SymbolReferenceInfo>0</DCC_SymbolReferenceInfo>
    <DCC_Define>RELEASE</DCC_Define>
    <DCC_ExeOutput>Build</DCC_ExeOutput>
    <DCC_DcuOutput>Dcu</DCC_DcuOutput>
    <DCC_ObjOutput>Dcu</DCC_ObjOutput>
    <DCC_HppOutput>Dcu</DCC_HppOutput>
    <DCC_UnitSearchPath>S:\Comp\XML\NativeXml\nativexml;S:\Comp\Synapse\source\lib;S:\Comp\Crypt\DcpCrypt\;S:\Comp\Crypt\DcpCrypt\Ciphers;S:\Comp\Crypt\DcpCrypt\Hashes</DCC_UnitSearchPath>
    <DCC_ResourcePath>S:\Comp\XML\NativeXml\nativexml;S:\Comp\Synapse\source\lib;S:\Comp\Crypt\DcpCrypt\;S:\Comp\Crypt\DcpCrypt\Ciphers;S:\Comp\Crypt\DcpCrypt\Hashes</DCC_ResourcePath>
    <DCC_ObjPath>S:\Comp\XML\NativeXml\nativexml;S:\Comp\Synapse\source\lib;S:\Comp\Crypt\DcpCrypt\;S:\Comp\Crypt\DcpCrypt\Ciphers;S:\Comp\Crypt\DcpCrypt\Hashes</DCC_ObjPath>
    <DCC_IncludePath>S:\Comp\XML\NativeXml\nativexml;S:\Comp\Synapse\source\lib;S:\Comp\Crypt\DcpCrypt\;S:\Comp\Crypt\DcpCrypt\Ciphers;S:\Comp\Crypt\DcpCrypt\Hashes</DCC_IncludePath>
  </PropertyGroup>
  <PropertyGroup Condition=" '$(Configuration)|$(Platform)' == 'Debug|AnyCPU' ">
    <Version>7.0</Version>
    <DCC_Optimize>False</DCC_Optimize>
    <DCC_ExeOutput>Build</DCC_ExeOutput>
    <DCC_DcuOutput>Dcu</DCC_DcuOutput>
    <DCC_ObjOutput>Dcu</DCC_ObjOutput>
    <DCC_HppOutput>Dcu</DCC_HppOutput>
    <DCC_Define>DEBUG</DCC_Define>
    <DCC_UnitSearchPath>S:\Comp\XML\NativeXml2\nativexml;S:\Comp\Synapse\source\lib;S:\Comp\Crypt\DcpCrypt\;S:\Comp\Crypt\DcpCrypt\Ciphers;S:\Comp\Crypt\DcpCrypt\Hashes</DCC_UnitSearchPath>
    <DCC_ResourcePath>S:\Comp\XML\NativeXml2\nativexml;S:\Comp\Synapse\source\lib;S:\Comp\Crypt\DcpCrypt\;S:\Comp\Crypt\DcpCrypt\Ciphers;S:\Comp\Crypt\DcpCrypt\Hashes</DCC_ResourcePath>
    <DCC_ObjPath>S:\Comp\XML\NativeXml2\nativexml;S:\Comp\Synapse\source\lib;S:\Comp\Crypt\DcpCrypt\;S:\Comp\Crypt\DcpCrypt\Ciphers;S:\Comp\Crypt\DcpCrypt\Hashes</DCC_ObjPath>
    <DCC_IncludePath>S:\Comp\XML\NativeXml2\nativexml;S:\Comp\Synapse\source\lib;S:\Comp\Crypt\DcpCrypt\;S:\Comp\Crypt\DcpCrypt\Ciphers;S:\Comp\Crypt\DcpCrypt\Hashes</DCC_IncludePath>
    <DCC_SymbolReferenceInfo>2</DCC_SymbolReferenceInfo>
    <DCC_SYMBOL_PLATFORM>False</DCC_SYMBOL_PLATFORM>
  </PropertyGroup>
  <ProjectExtensions>
    <Borland.Personality>Delphi.Personality</Borland.Personality>
    <Borland.ProjectType />
    <BorlandProject>
<BorlandProject><Delphi.Personality><Parameters><Parameters Name="UseLauncher">False</Parameters><Parameters Name="LoadAllSymbols">True</Parameters><Parameters Name="LoadUnspecifiedSymbols">False</Parameters><Parameters Name="RunParams">-w</Parameters></Parameters><VersionInfo><VersionInfo Name="IncludeVerInfo">False</VersionInfo><VersionInfo Name="AutoIncBuild">False</VersionInfo><VersionInfo Name="MajorVer">1</VersionInfo><VersionInfo Name="MinorVer">0</VersionInfo><VersionInfo Name="Release">0</VersionInfo><VersionInfo Name="Build">0</VersionInfo><VersionInfo Name="Debug">False</VersionInfo><VersionInfo Name="PreRelease">False</VersionInfo><VersionInfo Name="Special">False</VersionInfo><VersionInfo Name="Private">False</VersionInfo><VersionInfo Name="DLL">False</VersionInfo><VersionInfo Name="Locale">1049</VersionInfo><VersionInfo Name="CodePage">1251</VersionInfo></VersionInfo><VersionInfoKeys><VersionInfoKeys Name="CompanyName"></VersionInfoKeys><VersionInfoKeys Name="FileDescription"></VersionInfoKeys><VersionInfoKeys Name="FileVersion">1.0.0.0</VersionInfoKeys><VersionInfoKeys Name="InternalName"></VersionInfoKeys><VersionInfoKeys Name="LegalCopyright"></VersionInfoKeys><VersionInfoKeys Name="LegalTrademarks"></VersionInfoKeys><VersionInfoKeys Name="OriginalFilename"></VersionInfoKeys><VersionInfoKeys Name="ProductName"></VersionInfoKeys><VersionInfoKeys Name="ProductVersion">1.0.0.0</VersionInfoKeys><VersionInfoKeys Name="Comments"></VersionInfoKeys></VersionInfoKeys><Source><Source Name="MainSource">Adapter.dpr</Source></Source></Delphi.Personality></BorlandProject></BorlandProject>
  </ProjectExtensions>
  <Import Project="$(MSBuildBinPath)\Borland.Delphi.Targets" />
  <PropertyGroup>
    <PreBuildEvent>PreBuild.cmd</PreBuildEvent>
    <PostBuildEvent>rem call XorCrpt.cmd
call PostBuild.cmd</PostBuildEvent>
  </PropertyGroup>
  <ItemGroup>
    <DelphiCompile Include="Adapter.dpr">
      <MainSource>MainSource</MainSource>
    </DelphiCompile>
    <DCCReference Include="..\Shared\Crypto.pas" />
    <DCCReference Include="..\Shared\MachineID.pas" />
    <DCCReference Include="..\Shared\Patterns.pas" />
    <DCCReference Include="GlobalVar.pas" />
    <DCCReference Include="HttpWrk.pas" />
    <DCCReference Include="PayLoad.pas" />
    <DCCReference Include="PEB.pas" />
    <DCCReference Include="RegWrk.pas" />
    <DCCReference Include="XmlWrk.pas" />
  </ItemGroup>
</Project>